// !$*UTF8*$!
{
	archiveVersion = 1;
	classes = {
	};
	objectVersion = 48;
	objects = {

/* Begin PBXBuildFile section */
		AD8D331838F17C0D78021B55 /* Pods_emergencyCall.framework in Frameworks */ = {isa = PBXBuildFile; fileRef = 9827AF5D22584E1E33AA2C36 /* Pods_emergencyCall.framework */; };
		E35508DD20DCCE420022D024 /* mapViewController.swift in Sources */ = {isa = PBXBuildFile; fileRef = E35508DC20DCCE420022D024 /* mapViewController.swift */; };
		E35508DF20DCD6130022D024 /* GoogleService-Info.plist in Resources */ = {isa = PBXBuildFile; fileRef = E35508DE20DCD3A70022D024 /* GoogleService-Info.plist */; };
		E3728F7820EF849100E6F8F8 /* SigninVerificationViewController.swift in Sources */ = {isa = PBXBuildFile; fileRef = E3728F7720EF849100E6F8F8 /* SigninVerificationViewController.swift */; };
		E374D4C220ECE71B00E53380 /* SideMenuViewController.swift in Sources */ = {isa = PBXBuildFile; fileRef = E374D4C120ECE71B00E53380 /* SideMenuViewController.swift */; };
		E384B5A320F61CB0002CA181 /* profileViewController.swift in Sources */ = {isa = PBXBuildFile; fileRef = E384B5A220F61CB0002CA181 /* profileViewController.swift */; };
		E3C62ACC20C7ECAB00AB23BA /* SignupViewController.swift in Sources */ = {isa = PBXBuildFile; fileRef = E3C62ACB20C7ECAB00AB23BA /* SignupViewController.swift */; };
		E3E0C75120C3E27C007D4F73 /* AppDelegate.swift in Sources */ = {isa = PBXBuildFile; fileRef = E3E0C75020C3E27C007D4F73 /* AppDelegate.swift */; };
		E3E0C75320C3E27C007D4F73 /* ViewController.swift in Sources */ = {isa = PBXBuildFile; fileRef = E3E0C75220C3E27C007D4F73 /* ViewController.swift */; };
		E3E0C75620C3E27C007D4F73 /* Main.storyboard in Resources */ = {isa = PBXBuildFile; fileRef = E3E0C75420C3E27C007D4F73 /* Main.storyboard */; };
		E3E0C75820C3E27C007D4F73 /* Assets.xcassets in Resources */ = {isa = PBXBuildFile; fileRef = E3E0C75720C3E27C007D4F73 /* Assets.xcassets */; };
		E3E0C75B20C3E27C007D4F73 /* LaunchScreen.storyboard in Resources */ = {isa = PBXBuildFile; fileRef = E3E0C75920C3E27C007D4F73 /* LaunchScreen.storyboard */; };
		E3E0C76320C3ECA0007D4F73 /* CountryCodeViewController.swift in Sources */ = {isa = PBXBuildFile; fileRef = E3E0C76220C3ECA0007D4F73 /* CountryCodeViewController.swift */; };
		E3E1801D20C410160072D52A /* VerifyMobileNumberViewController.swift in Sources */ = {isa = PBXBuildFile; fileRef = E3E1801C20C410160072D52A /* VerifyMobileNumberViewController.swift */; };
		E3F0881320E22310001B6291 /* RoundButton.swift in Sources */ = {isa = PBXBuildFile; fileRef = E3F0881220E22310001B6291 /* RoundButton.swift */; };
		E3F36BC220E2420100246D95 /* Circle.swift in Sources */ = {isa = PBXBuildFile; fileRef = E3F36BC120E2420100246D95 /* Circle.swift */; };
		E3F36BC620E2567F00246D95 /* iOSDevCenters+GIF.swift in Sources */ = {isa = PBXBuildFile; fileRef = E3F36BC520E2567F00246D95 /* iOSDevCenters+GIF.swift */; };
/* End PBXBuildFile section */

/* Begin PBXFileReference section */
		1F87157359184364D46BC727 /* Pods-emergencyCall.debug.xcconfig */ = {isa = PBXFileReference; includeInIndex = 1; lastKnownFileType = text.xcconfig; name = "Pods-emergencyCall.debug.xcconfig"; path = "Pods/Target Support Files/Pods-emergencyCall/Pods-emergencyCall.debug.xcconfig"; sourceTree = "<group>"; };
		2B4190F90FFA078E707F33B4 /* Pods-emergencyCall.release.xcconfig */ = {isa = PBXFileReference; includeInIndex = 1; lastKnownFileType = text.xcconfig; name = "Pods-emergencyCall.release.xcconfig"; path = "Pods/Target Support Files/Pods-emergencyCall/Pods-emergencyCall.release.xcconfig"; sourceTree = "<group>"; };
		9827AF5D22584E1E33AA2C36 /* Pods_emergencyCall.framework */ = {isa = PBXFileReference; explicitFileType = wrapper.framework; includeInIndex = 0; path = Pods_emergencyCall.framework; sourceTree = BUILT_PRODUCTS_DIR; };
		E35508DC20DCCE420022D024 /* mapViewController.swift */ = {isa = PBXFileReference; lastKnownFileType = sourcecode.swift; path = mapViewController.swift; sourceTree = "<group>"; };
		E35508DE20DCD3A70022D024 /* GoogleService-Info.plist */ = {isa = PBXFileReference; lastKnownFileType = text.plist.xml; path = "GoogleService-Info.plist"; sourceTree = SOURCE_ROOT; };
		E3728F7720EF849100E6F8F8 /* SigninVerificationViewController.swift */ = {isa = PBXFileReference; lastKnownFileType = sourcecode.swift; path = SigninVerificationViewController.swift; sourceTree = "<group>"; };
		E374D4C120ECE71B00E53380 /* SideMenuViewController.swift */ = {isa = PBXFileReference; lastKnownFileType = sourcecode.swift; path = SideMenuViewController.swift; sourceTree = "<group>"; };
		E384B5A220F61CB0002CA181 /* profileViewController.swift */ = {isa = PBXFileReference; lastKnownFileType = sourcecode.swift; path = profileViewController.swift; sourceTree = "<group>"; };
		E3C62ACB20C7ECAB00AB23BA /* SignupViewController.swift */ = {isa = PBXFileReference; lastKnownFileType = sourcecode.swift; path = SignupViewController.swift; sourceTree = "<group>"; };
		E3E0C74D20C3E27C007D4F73 /* emergencyCall.app */ = {isa = PBXFileReference; explicitFileType = wrapper.application; includeInIndex = 0; path = emergencyCall.app; sourceTree = BUILT_PRODUCTS_DIR; };
		E3E0C75020C3E27C007D4F73 /* AppDelegate.swift */ = {isa = PBXFileReference; lastKnownFileType = sourcecode.swift; path = AppDelegate.swift; sourceTree = "<group>"; };
		E3E0C75220C3E27C007D4F73 /* ViewController.swift */ = {isa = PBXFileReference; lastKnownFileType = sourcecode.swift; path = ViewController.swift; sourceTree = "<group>"; };
		E3E0C75520C3E27C007D4F73 /* Base */ = {isa = PBXFileReference; lastKnownFileType = file.storyboard; name = Base; path = Base.lproj/Main.storyboard; sourceTree = "<group>"; };
		E3E0C75720C3E27C007D4F73 /* Assets.xcassets */ = {isa = PBXFileReference; lastKnownFileType = folder.assetcatalog; path = Assets.xcassets; sourceTree = "<group>"; };
		E3E0C75A20C3E27C007D4F73 /* Base */ = {isa = PBXFileReference; lastKnownFileType = file.storyboard; name = Base; path = Base.lproj/LaunchScreen.storyboard; sourceTree = "<group>"; };
		E3E0C75C20C3E27C007D4F73 /* Info.plist */ = {isa = PBXFileReference; lastKnownFileType = text.plist.xml; path = Info.plist; sourceTree = "<group>"; };
		E3E0C76220C3ECA0007D4F73 /* CountryCodeViewController.swift */ = {isa = PBXFileReference; lastKnownFileType = sourcecode.swift; path = CountryCodeViewController.swift; sourceTree = "<group>"; };
		E3E1801C20C410160072D52A /* VerifyMobileNumberViewController.swift */ = {isa = PBXFileReference; lastKnownFileType = sourcecode.swift; path = VerifyMobileNumberViewController.swift; sourceTree = "<group>"; };
		E3F0881220E22310001B6291 /* RoundButton.swift */ = {isa = PBXFileReference; lastKnownFileType = sourcecode.swift; path = RoundButton.swift; sourceTree = "<group>"; };
		E3F36BC120E2420100246D95 /* Circle.swift */ = {isa = PBXFileReference; lastKnownFileType = sourcecode.swift; path = Circle.swift; sourceTree = "<group>"; };
		E3F36BC520E2567F00246D95 /* iOSDevCenters+GIF.swift */ = {isa = PBXFileReference; lastKnownFileType = sourcecode.swift; path = "iOSDevCenters+GIF.swift"; sourceTree = "<group>"; };
/* End PBXFileReference section */

/* Begin PBXFrameworksBuildPhase section */
		E3E0C74A20C3E27C007D4F73 /* Frameworks */ = {
			isa = PBXFrameworksBuildPhase;
			buildActionMask = 2147483647;
			files = (
				AD8D331838F17C0D78021B55 /* Pods_emergencyCall.framework in Frameworks */,
			);
			runOnlyForDeploymentPostprocessing = 0;
		};
/* End PBXFrameworksBuildPhase section */

/* Begin PBXGroup section */
		26CEE0773FDF0D0390DDA4DE /* Frameworks */ = {
			isa = PBXGroup;
			children = (
				9827AF5D22584E1E33AA2C36 /* Pods_emergencyCall.framework */,
			);
			name = Frameworks;
			sourceTree = "<group>";
		};
		E3E0C74420C3E27C007D4F73 = {
			isa = PBXGroup;
			children = (
				E3E0C74F20C3E27C007D4F73 /* emergencyCall */,
				E3E0C74E20C3E27C007D4F73 /* Products */,
				FA46E588E13658F84BD96757 /* Pods */,
				26CEE0773FDF0D0390DDA4DE /* Frameworks */,
			);
			sourceTree = "<group>";
		};
		E3E0C74E20C3E27C007D4F73 /* Products */ = {
			isa = PBXGroup;
			children = (
				E3E0C74D20C3E27C007D4F73 /* emergencyCall.app */,
			);
			name = Products;
			sourceTree = "<group>";
		};
		E3E0C74F20C3E27C007D4F73 /* emergencyCall */ = {
			isa = PBXGroup;
			children = (
				E3E0C75020C3E27C007D4F73 /* AppDelegate.swift */,
				E3E0C75220C3E27C007D4F73 /* ViewController.swift */,
				E3E0C76220C3ECA0007D4F73 /* CountryCodeViewController.swift */,
				E3E1801C20C410160072D52A /* VerifyMobileNumberViewController.swift */,
				E3C62ACB20C7ECAB00AB23BA /* SignupViewController.swift */,
				E35508DC20DCCE420022D024 /* mapViewController.swift */,
				E374D4C120ECE71B00E53380 /* SideMenuViewController.swift */,
				E384B5A220F61CB0002CA181 /* profileViewController.swift */,
				E3F0881220E22310001B6291 /* RoundButton.swift */,
				E3F36BC120E2420100246D95 /* Circle.swift */,
				E3F36BC520E2567F00246D95 /* iOSDevCenters+GIF.swift */,
				E3E0C75420C3E27C007D4F73 /* Main.storyboard */,
				E3E0C75720C3E27C007D4F73 /* Assets.xcassets */,
				E3E0C75920C3E27C007D4F73 /* LaunchScreen.storyboard */,
				E3E0C75C20C3E27C007D4F73 /* Info.plist */,
				E35508DE20DCD3A70022D024 /* GoogleService-Info.plist */,
				E3728F7720EF849100E6F8F8 /* SigninVerificationViewController.swift */,
			);
			path = emergencyCall;
			sourceTree = "<group>";
		};
		FA46E588E13658F84BD96757 /* Pods */ = {
			isa = PBXGroup;
			children = (
				1F87157359184364D46BC727 /* Pods-emergencyCall.debug.xcconfig */,
				2B4190F90FFA078E707F33B4 /* Pods-emergencyCall.release.xcconfig */,
			);
			name = Pods;
			sourceTree = "<group>";
		};
/* End PBXGroup section */

/* Begin PBXNativeTarget section */
		E3E0C74C20C3E27C007D4F73 /* emergencyCall */ = {
			isa = PBXNativeTarget;
			buildConfigurationList = E3E0C75F20C3E27C007D4F73 /* Build configuration list for PBXNativeTarget "emergencyCall" */;
			buildPhases = (
				0C3B4333B6285CC6D891B458 /* [CP] Check Pods Manifest.lock */,
				E3E0C74920C3E27C007D4F73 /* Sources */,
				E3E0C74A20C3E27C007D4F73 /* Frameworks */,
				E3E0C74B20C3E27C007D4F73 /* Resources */,
				4168F1CF1FED534D02FE5D0B /* [CP] Embed Pods Frameworks */,
				D14555682EC573860239E3D6 /* [CP] Copy Pods Resources */,
			);
			buildRules = (
			);
			dependencies = (
			);
			name = emergencyCall;
			productName = emergencyCall;
			productReference = E3E0C74D20C3E27C007D4F73 /* emergencyCall.app */;
			productType = "com.apple.product-type.application";
		};
/* End PBXNativeTarget section */

/* Begin PBXProject section */
		E3E0C74520C3E27C007D4F73 /* Project object */ = {
			isa = PBXProject;
			attributes = {
				LastSwiftUpdateCheck = 0900;
				LastUpgradeCheck = 0900;
				ORGANIZATIONNAME = Techsviewer;
				TargetAttributes = {
					E3E0C74C20C3E27C007D4F73 = {
						CreatedOnToolsVersion = 9.0;
						ProvisioningStyle = Automatic;
					};
				};
			};
			buildConfigurationList = E3E0C74820C3E27C007D4F73 /* Build configuration list for PBXProject "emergencyCall" */;
			compatibilityVersion = "Xcode 8.0";
			developmentRegion = en;
			hasScannedForEncodings = 0;
			knownRegions = (
				en,
				Base,
			);
			mainGroup = E3E0C74420C3E27C007D4F73;
			productRefGroup = E3E0C74E20C3E27C007D4F73 /* Products */;
			projectDirPath = "";
			projectRoot = "";
			targets = (
				E3E0C74C20C3E27C007D4F73 /* emergencyCall */,
			);
		};
/* End PBXProject section */

/* Begin PBXResourcesBuildPhase section */
		E3E0C74B20C3E27C007D4F73 /* Resources */ = {
			isa = PBXResourcesBuildPhase;
			buildActionMask = 2147483647;
			files = (
				E35508DF20DCD6130022D024 /* GoogleService-Info.plist in Resources */,
				E3E0C75B20C3E27C007D4F73 /* LaunchScreen.storyboard in Resources */,
				E3E0C75820C3E27C007D4F73 /* Assets.xcassets in Resources */,
				E3E0C75620C3E27C007D4F73 /* Main.storyboard in Resources */,
			);
			runOnlyForDeploymentPostprocessing = 0;
		};
/* End PBXResourcesBuildPhase section */

/* Begin PBXShellScriptBuildPhase section */
		0C3B4333B6285CC6D891B458 /* [CP] Check Pods Manifest.lock */ = {
			isa = PBXShellScriptBuildPhase;
			buildActionMask = 2147483647;
			files = (
			);
			inputPaths = (
				"${PODS_PODFILE_DIR_PATH}/Podfile.lock",
				"${PODS_ROOT}/Manifest.lock",
			);
			name = "[CP] Check Pods Manifest.lock";
			outputPaths = (
				"$(DERIVED_FILE_DIR)/Pods-emergencyCall-checkManifestLockResult.txt",
			);
			runOnlyForDeploymentPostprocessing = 0;
			shellPath = /bin/sh;
			shellScript = "diff \"${PODS_PODFILE_DIR_PATH}/Podfile.lock\" \"${PODS_ROOT}/Manifest.lock\" > /dev/null\nif [ $? != 0 ] ; then\n    # print error to STDERR\n    echo \"error: The sandbox is not in sync with the Podfile.lock. Run 'pod install' or update your CocoaPods installation.\" >&2\n    exit 1\nfi\n# This output is used by Xcode 'outputs' to avoid re-running this script phase.\necho \"SUCCESS\" > \"${SCRIPT_OUTPUT_FILE_0}\"\n";
			showEnvVarsInLog = 0;
		};
		4168F1CF1FED534D02FE5D0B /* [CP] Embed Pods Frameworks */ = {
			isa = PBXShellScriptBuildPhase;
			buildActionMask = 2147483647;
			files = (
			);
			inputPaths = (
				"${SRCROOT}/Pods/Target Support Files/Pods-emergencyCall/Pods-emergencyCall-frameworks.sh",
				"${BUILT_PRODUCTS_DIR}/Alamofire/Alamofire.framework",
				"${BUILT_PRODUCTS_DIR}/BEMCheckBox/BEMCheckBox.framework",
				"${BUILT_PRODUCTS_DIR}/CountryPickerView/CountryPickerView.framework",
				"${BUILT_PRODUCTS_DIR}/GTMSessionFetcher/GTMSessionFetcher.framework",
				"${BUILT_PRODUCTS_DIR}/GoogleToolboxForMac/GoogleToolboxForMac.framework",
				"${BUILT_PRODUCTS_DIR}/SideMenu/SideMenu.framework",
				"${BUILT_PRODUCTS_DIR}/SwiftyJSON/SwiftyJSON.framework",
				"${BUILT_PRODUCTS_DIR}/leveldb-library/leveldb.framework",
				"${BUILT_PRODUCTS_DIR}/nanopb/nanopb.framework",
			);
			name = "[CP] Embed Pods Frameworks";
			outputPaths = (
				"${TARGET_BUILD_DIR}/${FRAMEWORKS_FOLDER_PATH}/Alamofire.framework",
				"${TARGET_BUILD_DIR}/${FRAMEWORKS_FOLDER_PATH}/BEMCheckBox.framework",
				"${TARGET_BUILD_DIR}/${FRAMEWORKS_FOLDER_PATH}/CountryPickerView.framework",
				"${TARGET_BUILD_DIR}/${FRAMEWORKS_FOLDER_PATH}/GTMSessionFetcher.framework",
				"${TARGET_BUILD_DIR}/${FRAMEWORKS_FOLDER_PATH}/GoogleToolboxForMac.framework",
				"${TARGET_BUILD_DIR}/${FRAMEWORKS_FOLDER_PATH}/SideMenu.framework",
				"${TARGET_BUILD_DIR}/${FRAMEWORKS_FOLDER_PATH}/SwiftyJSON.framework",
				"${TARGET_BUILD_DIR}/${FRAMEWORKS_FOLDER_PATH}/leveldb.framework",
				"${TARGET_BUILD_DIR}/${FRAMEWORKS_FOLDER_PATH}/nanopb.framework",
			);
			runOnlyForDeploymentPostprocessing = 0;
			shellPath = /bin/sh;
			shellScript = "\"${SRCROOT}/Pods/Target Support Files/Pods-emergencyCall/Pods-emergencyCall-frameworks.sh\"\n";
			showEnvVarsInLog = 0;
		};
		D14555682EC573860239E3D6 /* [CP] Copy Pods Resources */ = {
			isa = PBXShellScriptBuildPhase;
			buildActionMask = 2147483647;
			files = (
			);
			inputPaths = (
				"${SRCROOT}/Pods/Target Support Files/Pods-emergencyCall/Pods-emergencyCall-resources.sh",
				"${PODS_ROOT}/GoogleMaps/Maps/Frameworks/GoogleMaps.framework/Resources/GoogleMaps.bundle",
				"${PODS_ROOT}/GooglePlaces/Frameworks/GooglePlaces.framework/Resources/GooglePlaces.bundle",
			);
			name = "[CP] Copy Pods Resources";
			outputPaths = (
				"${TARGET_BUILD_DIR}/${UNLOCALIZED_RESOURCES_FOLDER_PATH}/GoogleMaps.bundle",
				"${TARGET_BUILD_DIR}/${UNLOCALIZED_RESOURCES_FOLDER_PATH}/GooglePlaces.bundle",
			);
			runOnlyForDeploymentPostprocessing = 0;
			shellPath = /bin/sh;
			shellScript = "\"${SRCROOT}/Pods/Target Support Files/Pods-emergencyCall/Pods-emergencyCall-resources.sh\"\n";
			showEnvVarsInLog = 0;
		};
/* End PBXShellScriptBuildPhase section */

/* Begin PBXSourcesBuildPhase section */
		E3E0C74920C3E27C007D4F73 /* Sources */ = {
			isa = PBXSourcesBuildPhase;
			buildActionMask = 2147483647;
			files = (
				E3E0C75320C3E27C007D4F73 /* ViewController.swift in Sources */,
				E374D4C220ECE71B00E53380 /* SideMenuViewController.swift in Sources */,
				E384B5A320F61CB0002CA181 /* profileViewController.swift in Sources */,
				E3F36BC620E2567F00246D95 /* iOSDevCenters+GIF.swift in Sources */,
				E3F36BC220E2420100246D95 /* Circle.swift in Sources */,
				E3E0C75120C3E27C007D4F73 /* AppDelegate.swift in Sources */,
				E3F0881320E22310001B6291 /* RoundButton.swift in Sources */,
				E3C62ACC20C7ECAB00AB23BA /* SignupViewController.swift in Sources */,
				E3728F7820EF849100E6F8F8 /* SigninVerificationViewController.swift in Sources */,
				E35508DD20DCCE420022D024 /* mapViewController.swift in Sources */,
				E3E1801D20C410160072D52A /* VerifyMobileNumberViewController.swift in Sources */,
				E3E0C76320C3ECA0007D4F73 /* CountryCodeViewController.swift in Sources */,
			);
			runOnlyForDeploymentPostprocessing = 0;
		};
/* End PBXSourcesBuildPhase section */

/* Begin PBXVariantGroup section */
		E3E0C75420C3E27C007D4F73 /* Main.storyboard */ = {
			isa = PBXVariantGroup;
			children = (
				E3E0C75520C3E27C007D4F73 /* Base */,
			);
			name = Main.storyboard;
			sourceTree = "<group>";
		};
		E3E0C75920C3E27C007D4F73 /* LaunchScreen.storyboard */ = {
			isa = PBXVariantGroup;
			children = (
				E3E0C75A20C3E27C007D4F73 /* Base */,
			);
			name = LaunchScreen.storyboard;
			sourceTree = "<group>";
		};
/* End PBXVariantGroup section */

/* Begin XCBuildConfiguration section */
		E3E0C75D20C3E27C007D4F73 /* Debug */ = {
			isa = XCBuildConfiguration;
			buildSettings = {
				ALWAYS_SEARCH_USER_PATHS = NO;
				CLANG_ANALYZER_NONNULL = YES;
				CLANG_ANALYZER_NUMBER_OBJECT_CONVERSION = YES_AGGRESSIVE;
				CLANG_CXX_LANGUAGE_STANDARD = "gnu++14";
				CLANG_CXX_LIBRARY = "libc++";
				CLANG_ENABLE_MODULES = YES;
				CLANG_ENABLE_OBJC_ARC = YES;
				CLANG_WARN_BLOCK_CAPTURE_AUTORELEASING = YES;
				CLANG_WARN_BOOL_CONVERSION = YES;
				CLANG_WARN_COMMA = YES;
				CLANG_WARN_CONSTANT_CONVERSION = YES;
				CLANG_WARN_DIRECT_OBJC_ISA_USAGE = YES_ERROR;
				CLANG_WARN_DOCUMENTATION_COMMENTS = YES;
				CLANG_WARN_EMPTY_BODY = YES;
				CLANG_WARN_ENUM_CONVERSION = YES;
				CLANG_WARN_INFINITE_RECURSION = YES;
				CLANG_WARN_INT_CONVERSION = YES;
				CLANG_WARN_NON_LITERAL_NULL_CONVERSION = YES;
				CLANG_WARN_OBJC_LITERAL_CONVERSION = YES;
				CLANG_WARN_OBJC_ROOT_CLASS = YES_ERROR;
				CLANG_WARN_RANGE_LOOP_ANALYSIS = YES;
				CLANG_WARN_STRICT_PROTOTYPES = YES;
				CLANG_WARN_SUSPICIOUS_MOVE = YES;
				CLANG_WARN_UNGUARDED_AVAILABILITY = YES_AGGRESSIVE;
				CLANG_WARN_UNREACHABLE_CODE = YES;
				CLANG_WARN__DUPLICATE_METHOD_MATCH = YES;
				CODE_SIGN_IDENTITY = "iPhone Developer";
				COPY_PHASE_STRIP = NO;
				DEBUG_INFORMATION_FORMAT = dwarf;
				ENABLE_STRICT_OBJC_MSGSEND = YES;
				ENABLE_TESTABILITY = YES;
				GCC_C_LANGUAGE_STANDARD = gnu11;
				GCC_DYNAMIC_NO_PIC = NO;
				GCC_NO_COMMON_BLOCKS = YES;
				GCC_OPTIMIZATION_LEVEL = 0;
				GCC_PREPROCESSOR_DEFINITIONS = (
					"DEBUG=1",
					"$(inherited)",
				);
				GCC_WARN_64_TO_32_BIT_CONVERSION = YES;
				GCC_WARN_ABOUT_RETURN_TYPE = YES_ERROR;
				GCC_WARN_UNDECLARED_SELECTOR = YES;
				GCC_WARN_UNINITIALIZED_AUTOS = YES_AGGRESSIVE;
				GCC_WARN_UNUSED_FUNCTION = YES;
				GCC_WARN_UNUSED_VARIABLE = YES;
				IPHONEOS_DEPLOYMENT_TARGET = 11.0;
				MTL_ENABLE_DEBUG_INFO = YES;
				ONLY_ACTIVE_ARCH = YES;
				SDKROOT = iphoneos;
				SWIFT_ACTIVE_COMPILATION_CONDITIONS = DEBUG;
				SWIFT_OPTIMIZATION_LEVEL = "-Onone";
			};
			name = Debug;
		};
		E3E0C75E20C3E27C007D4F73 /* Release */ = {
			isa = XCBuildConfiguration;
			buildSettings = {
				ALWAYS_SEARCH_USER_PATHS = NO;
				CLANG_ANALYZER_NONNULL = YES;
				CLANG_ANALYZER_NUMBER_OBJECT_CONVERSION = YES_AGGRESSIVE;
				CLANG_CXX_LANGUAGE_STANDARD = "gnu++14";
				CLANG_CXX_LIBRARY = "libc++";
				CLANG_ENABLE_MODULES = YES;
				CLANG_ENABLE_OBJC_ARC = YES;
				CLANG_WARN_BLOCK_CAPTURE_AUTORELEASING = YES;
				CLANG_WARN_BOOL_CONVERSION = YES;
				CLANG_WARN_COMMA = YES;
				CLANG_WARN_CONSTANT_CONVERSION = YES;
				CLANG_WARN_DIRECT_OBJC_ISA_USAGE = YES_ERROR;
				CLANG_WARN_DOCUMENTATION_COMMENTS = YES;
				CLANG_WARN_EMPTY_BODY = YES;
				CLANG_WARN_ENUM_CONVERSION = YES;
				CLANG_WARN_INFINITE_RECURSION = YES;
				CLANG_WARN_INT_CONVERSION = YES;
				CLANG_WARN_NON_LITERAL_NULL_CONVERSION = YES;
				CLANG_WARN_OBJC_LITERAL_CONVERSION = YES;
				CLANG_WARN_OBJC_ROOT_CLASS = YES_ERROR;
				CLANG_WARN_RANGE_LOOP_ANALYSIS = YES;
				CLANG_WARN_STRICT_PROTOTYPES = YES;
				CLANG_WARN_SUSPICIOUS_MOVE = YES;
				CLANG_WARN_UNGUARDED_AVAILABILITY = YES_AGGRESSIVE;
				CLANG_WARN_UNREACHABLE_CODE = YES;
				CLANG_WARN__DUPLICATE_METHOD_MATCH = YES;
				CODE_SIGN_IDENTITY = "iPhone Developer";
				COPY_PHASE_STRIP = NO;
				DEBUG_INFORMATION_FORMAT = "dwarf-with-dsym";
				ENABLE_NS_ASSERTIONS = NO;
				ENABLE_STRICT_OBJC_MSGSEND = YES;
				GCC_C_LANGUAGE_STANDARD = gnu11;
				GCC_NO_COMMON_BLOCKS = YES;
				GCC_WARN_64_TO_32_BIT_CONVERSION = YES;
				GCC_WARN_ABOUT_RETURN_TYPE = YES_ERROR;
				GCC_WARN_UNDECLARED_SELECTOR = YES;
				GCC_WARN_UNINITIALIZED_AUTOS = YES_AGGRESSIVE;
				GCC_WARN_UNUSED_FUNCTION = YES;
				GCC_WARN_UNUSED_VARIABLE = YES;
				IPHONEOS_DEPLOYMENT_TARGET = 11.0;
				MTL_ENABLE_DEBUG_INFO = NO;
				SDKROOT = iphoneos;
				SWIFT_OPTIMIZATION_LEVEL = "-Owholemodule";
				VALIDATE_PRODUCT = YES;
			};
			name = Release;
		};
		E3E0C76020C3E27C007D4F73 /* Debug */ = {
			isa = XCBuildConfiguration;
			baseConfigurationReference = 1F87157359184364D46BC727 /* Pods-emergencyCall.debug.xcconfig */;
			buildSettings = {
				ASSETCATALOG_COMPILER_APPICON_NAME = AppIcon;
				CODE_SIGN_STYLE = Automatic;
				INFOPLIST_FILE = emergencyCall/Info.plist;
				LD_RUNPATH_SEARCH_PATHS = "$(inherited) @executable_path/Frameworks";
				PRODUCT_BUNDLE_IDENTIFIER = mairaj.emergencyCall;
				PRODUCT_NAME = "$(TARGET_NAME)";
				SWIFT_VERSION = 4.0;
				TARGETED_DEVICE_FAMILY = "1,2";
			};
			name = Debug;
		};
		E3E0C76120C3E27C007D4F73 /* Release */ = {
			isa = XCBuildConfiguration;
			baseConfigurationReference = 2B4190F90FFA078E707F33B4 /* Pods-emergencyCall.release.xcconfig */;
			buildSettings = {
				ASSETCATALOG_COMPILER_APPICON_NAME = AppIcon;
				CODE_SIGN_STYLE = Automatic;
				INFOPLIST_FILE = emergencyCall/Info.plist;
				LD_RUNPATH_SEARCH_PATHS = "$(inherited) @executable_path/Frameworks";
				PRODUCT_BUNDLE_IDENTIFIER = mairaj.emergencyCall;
				PRODUCT_NAME = "$(TARGET_NAME)";
				SWIFT_VERSION = 4.0;
				TARGETED_DEVICE_FAMILY = "1,2";
			};
			name = Release;
		};
/* End XCBuildConfiguration section */

/* Begin XCConfigurationList section */
		E3E0C74820C3E27C007D4F73 /* Build configuration list for PBXProject "emergencyCall" */ = {
			isa = XCConfigurationList;
			buildConfigurations = (
				E3E0C75D20C3E27C007D4F73 /* Debug */,
				E3E0C75E20C3E27C007D4F73 /* Release */,
			);
			defaultConfigurationIsVisible = 0;
			defaultConfigurationName = Release;
		};
		E3E0C75F20C3E27C007D4F73 /* Build configuration list for PBXNativeTarget "emergencyCall" */ = {
			isa = XCConfigurationList;
			buildConfigurations = (
				E3E0C76020C3E27C007D4F73 /* Debug */,
				E3E0C76120C3E27C007D4F73 /* Release */,
			);
			defaultConfigurationIsVisible = 0;
			defaultConfigurationName = Release;
		};
/* End XCConfigurationList section */
	};
	rootObject = E3E0C74520C3E27C007D4F73 /* Project object */;
}
